// !$*UTF8*$!
{
	archiveVersion = 1;
	classes = {
	};
	objectVersion = 46;
	objects = {

/* Begin PBXBuildFile section */
		75A67E911A0998E1008594BE /* AppDelegate.swift in Sources */ = {isa = PBXBuildFile; fileRef = 75A67E901A0998E1008594BE /* AppDelegate.swift */; };
		75A67E931A0998E1008594BE /* ViewController.swift in Sources */ = {isa = PBXBuildFile; fileRef = 75A67E921A0998E1008594BE /* ViewController.swift */; };
		75A67E961A0998E2008594BE /* Main.storyboard in Resources */ = {isa = PBXBuildFile; fileRef = 75A67E941A0998E2008594BE /* Main.storyboard */; };
		75A67E981A0998E2008594BE /* Images.xcassets in Resources */ = {isa = PBXBuildFile; fileRef = 75A67E971A0998E2008594BE /* Images.xcassets */; };
		75A67E9B1A0998E2008594BE /* LaunchScreen.xib in Resources */ = {isa = PBXBuildFile; fileRef = 75A67E991A0998E2008594BE /* LaunchScreen.xib */; };
		75A67EA71A0998E2008594BE /* animationTests.swift in Sources */ = {isa = PBXBuildFile; fileRef = 75A67EA61A0998E2008594BE /* animationTests.swift */; };
/* End PBXBuildFile section */

/* Begin PBXContainerItemProxy section */
		75A67EA11A0998E2008594BE /* PBXContainerItemProxy */ = {
			isa = PBXContainerItemProxy;
			containerPortal = 75A67E831A0998E1008594BE /* Project object */;
			proxyType = 1;
			remoteGlobalIDString = 75A67E8A1A0998E1008594BE;
			remoteInfo = animation;
		};
/* End PBXContainerItemProxy section */

/* Begin PBXFileReference section */
		75A67E8B1A0998E1008594BE /* animation.app */ = {isa = PBXFileReference; explicitFileType = wrapper.application; includeInIndex = 0; path = animation.app; sourceTree = BUILT_PRODUCTS_DIR; };
		75A67E8F1A0998E1008594BE /* Info.plist */ = {isa = PBXFileReference; lastKnownFileType = text.plist.xml; path = Info.plist; sourceTree = "<group>"; };
		75A67E901A0998E1008594BE /* AppDelegate.swift */ = {isa = PBXFileReference; lastKnownFileType = sourcecode.swift; path = AppDelegate.swift; sourceTree = "<group>"; };
		75A67E921A0998E1008594BE /* ViewController.swift */ = {isa = PBXFileReference; lastKnownFileType = sourcecode.swift; path = ViewController.swift; sourceTree = "<group>"; };
		75A67E951A0998E2008594BE /* Base */ = {isa = PBXFileReference; lastKnownFileType = file.storyboard; name = Base; path = Base.lproj/Main.storyboard; sourceTree = "<group>"; };
		75A67E971A0998E2008594BE /* Images.xcassets */ = {isa = PBXFileReference; lastKnownFileType = folder.assetcatalog; path = Images.xcassets; sourceTree = "<group>"; };
		75A67E9A1A0998E2008594BE /* Base */ = {isa = PBXFileReference; lastKnownFileType = file.xib; name = Base; path = Base.lproj/LaunchScreen.xib; sourceTree = "<group>"; };
		75A67EA01A0998E2008594BE /* animationTests.xctest */ = {isa = PBXFileReference; explicitFileType = wrapper.cfbundle; includeInIndex = 0; path = animationTests.xctest; sourceTree = BUILT_PRODUCTS_DIR; };
		75A67EA51A0998E2008594BE /* Info.plist */ = {isa = PBXFileReference; lastKnownFileType = text.plist.xml; path = Info.plist; sourceTree = "<group>"; };
		75A67EA61A0998E2008594BE /* animationTests.swift */ = {isa = PBXFileReference; lastKnownFileType = sourcecode.swift; path = animationTests.swift; sourceTree = "<group>"; };
/* End PBXFileReference section */

/* Begin PBXFrameworksBuildPhase section */
		75A67E881A0998E1008594BE /* Frameworks */ = {
			isa = PBXFrameworksBuildPhase;
			buildActionMask = 2147483647;
			files = (
			);
			runOnlyForDeploymentPostprocessing = 0;
		};
		75A67E9D1A0998E2008594BE /* Frameworks */ = {
			isa = PBXFrameworksBuildPhase;
			buildActionMask = 2147483647;
			files = (
			);
			runOnlyForDeploymentPostprocessing = 0;
		};
/* End PBXFrameworksBuildPhase section */

/* Begin PBXGroup section */
		75A67E821A0998E1008594BE = {
			isa = PBXGroup;
			children = (
				75A67E8D1A0998E1008594BE /* animation */,
				75A67EA31A0998E2008594BE /* animationTests */,
				75A67E8C1A0998E1008594BE /* Products */,
			);
			sourceTree = "<group>";
		};
		75A67E8C1A0998E1008594BE /* Products */ = {
			isa = PBXGroup;
			children = (
				75A67E8B1A0998E1008594BE /* animation.app */,
				75A67EA01A0998E2008594BE /* animationTests.xctest */,
			);
			name = Products;
			sourceTree = "<group>";
		};
		75A67E8D1A0998E1008594BE /* animation */ = {
			isa = PBXGroup;
			children = (
				75A67E901A0998E1008594BE /* AppDelegate.swift */,
				75A67E921A0998E1008594BE /* ViewController.swift */,
				75A67E941A0998E2008594BE /* Main.storyboard */,
				75A67E971A0998E2008594BE /* Images.xcassets */,
				75A67E991A0998E2008594BE /* LaunchScreen.xib */,
				75A67E8E1A0998E1008594BE /* Supporting Files */,
			);
			path = animation;
			sourceTree = "<group>";
		};
		75A67E8E1A0998E1008594BE /* Supporting Files */ = {
			isa = PBXGroup;
			children = (
				75A67E8F1A0998E1008594BE /* Info.plist */,
			);
			name = "Supporting Files";
			sourceTree = "<group>";
		};
		75A67EA31A0998E2008594BE /* animationTests */ = {
			isa = PBXGroup;
			children = (
				75A67EA61A0998E2008594BE /* animationTests.swift */,
				75A67EA41A0998E2008594BE /* Supporting Files */,
			);
			path = animationTests;
			sourceTree = "<group>";
		};
		75A67EA41A0998E2008594BE /* Supporting Files */ = {
			isa = PBXGroup;
			children = (
				75A67EA51A0998E2008594BE /* Info.plist */,
			);
			name = "Supporting Files";
			sourceTree = "<group>";
		};
/* End PBXGroup section */

/* Begin PBXNativeTarget section */
		75A67E8A1A0998E1008594BE /* animation */ = {
			isa = PBXNativeTarget;
			buildConfigurationList = 75A67EAA1A0998E2008594BE /* Build configuration list for PBXNativeTarget "animation" */;
			buildPhases = (
				75A67E871A0998E1008594BE /* Sources */,
				75A67E881A0998E1008594BE /* Frameworks */,
				75A67E891A0998E1008594BE /* Resources */,
			);
			buildRules = (
			);
			dependencies = (
			);
			name = animation;
			productName = animation;
			productReference = 75A67E8B1A0998E1008594BE /* animation.app */;
			productType = "com.apple.product-type.application";
		};
		75A67E9F1A0998E2008594BE /* animationTests */ = {
			isa = PBXNativeTarget;
			buildConfigurationList = 75A67EAD1A0998E2008594BE /* Build configuration list for PBXNativeTarget "animationTests" */;
			buildPhases = (
				75A67E9C1A0998E2008594BE /* Sources */,
				75A67E9D1A0998E2008594BE /* Frameworks */,
				75A67E9E1A0998E2008594BE /* Resources */,
			);
			buildRules = (
			);
			dependencies = (
				75A67EA21A0998E2008594BE /* PBXTargetDependency */,
			);
			name = animationTests;
			productName = animationTests;
			productReference = 75A67EA01A0998E2008594BE /* animationTests.xctest */;
			productType = "com.apple.product-type.bundle.unit-test";
		};
/* End PBXNativeTarget section */

/* Begin PBXProject section */
		75A67E831A0998E1008594BE /* Project object */ = {
			isa = PBXProject;
			attributes = {
				LastUpgradeCheck = 0610;
				ORGANIZATIONNAME = "Aileen Pierce";
				TargetAttributes = {
					75A67E8A1A0998E1008594BE = {
						CreatedOnToolsVersion = 6.1;
					};
					75A67E9F1A0998E2008594BE = {
						CreatedOnToolsVersion = 6.1;
						TestTargetID = 75A67E8A1A0998E1008594BE;
					};
				};
			};
			buildConfigurationList = 75A67E861A0998E1008594BE /* Build configuration list for PBXProject "animation" */;
			compatibilityVersion = "Xcode 3.2";
			developmentRegion = English;
			hasScannedForEncodings = 0;
			knownRegions = (
				en,
				Base,
			);
			mainGroup = 75A67E821A0998E1008594BE;
			productRefGroup = 75A67E8C1A0998E1008594BE /* Products */;
			projectDirPath = "";
			projectRoot = "";
			targets = (
				75A67E8A1A0998E1008594BE /* animation */,
				75A67E9F1A0998E2008594BE /* animationTests */,
			);
		};
/* End PBXProject section */

/* Begin PBXResourcesBuildPhase section */
		75A67E891A0998E1008594BE /* Resources */ = {
			isa = PBXResourcesBuildPhase;
			buildActionMask = 2147483647;
			files = (
				75A67E961A0998E2008594BE /* Main.storyboard in Resources */,
				75A67E9B1A0998E2008594BE /* LaunchScreen.xib in Resources */,
				75A67E981A0998E2008594BE /* Images.xcassets in Resources */,
			);
			runOnlyForDeploymentPostprocessing = 0;
		};
		75A67E9E1A0998E2008594BE /* Resources */ = {
			isa = PBXResourcesBuildPhase;
			buildActionMask = 2147483647;
			files = (
			);
			runOnlyForDeploymentPostprocessing = 0;
		};
/* End PBXResourcesBuildPhase section */

/* Begin PBXSourcesBuildPhase section */
		75A67E871A0998E1008594BE /* Sources */ = {
			isa = PBXSourcesBuildPhase;
			buildActionMask = 2147483647;
			files = (
				75A67E931A0998E1008594BE /* ViewController.swift in Sources */,
				75A67E911A0998E1008594BE /* AppDelegate.swift in Sources */,
			);
			runOnlyForDeploymentPostprocessing = 0;
		};
		75A67E9C1A0998E2008594BE /* Sources */ = {
			isa = PBXSourcesBuildPhase;
			buildActionMask = 2147483647;
			files = (
				75A67EA71A0998E2008594BE /* animationTests.swift in Sources */,
			);
			runOnlyForDeploymentPostprocessing = 0;
		};
/* End PBXSourcesBuildPhase section */

/* Begin PBXTargetDependency section */
		75A67EA21A0998E2008594BE /* PBXTargetDependency */ = {
			isa = PBXTargetDependency;
			target = 75A67E8A1A0998E1008594BE /* animation */;
			targetProxy = 75A67EA11A0998E2008594BE /* PBXContainerItemProxy */;
		};
/* End PBXTargetDependency section */

/* Begin PBXVariantGroup section */
		75A67E941A0998E2008594BE /* Main.storyboard */ = {
			isa = PBXVariantGroup;
			children = (
				75A67E951A0998E2008594BE /* Base */,
			);
			name = Main.storyboard;
			sourceTree = "<group>";
		};
		75A67E991A0998E2008594BE /* LaunchScreen.xib */ = {
			isa = PBXVariantGroup;
			children = (
				75A67E9A1A0998E2008594BE /* Base */,
			);
			name = LaunchScreen.xib;
			sourceTree = "<group>";
		};
/* End PBXVariantGroup section */

/* Begin XCBuildConfiguration section */
		75A67EA81A0998E2008594BE /* Debug */ = {
			isa = XCBuildConfiguration;
			buildSettings = {
				ALWAYS_SEARCH_USER_PATHS = NO;
				CLANG_CXX_LANGUAGE_STANDARD = "gnu++0x";
				CLANG_CXX_LIBRARY = "libc++";
				CLANG_ENABLE_MODULES = YES;
				CLANG_ENABLE_OBJC_ARC = YES;
				CLANG_WARN_BOOL_CONVERSION = YES;
				CLANG_WARN_CONSTANT_CONVERSION = YES;
				CLANG_WARN_DIRECT_OBJC_ISA_USAGE = YES_ERROR;
				CLANG_WARN_EMPTY_BODY = YES;
				CLANG_WARN_ENUM_CONVERSION = YES;
				CLANG_WARN_INT_CONVERSION = YES;
				CLANG_WARN_OBJC_ROOT_CLASS = YES_ERROR;
				CLANG_WARN_UNREACHABLE_CODE = YES;
				CLANG_WARN__DUPLICATE_METHOD_MATCH = YES;
				"CODE_SIGN_IDENTITY[sdk=iphoneos*]" = "iPhone Developer";
				COPY_PHASE_STRIP = NO;
				ENABLE_STRICT_OBJC_MSGSEND = YES;
				GCC_C_LANGUAGE_STANDARD = gnu99;
				GCC_DYNAMIC_NO_PIC = NO;
				GCC_OPTIMIZATION_LEVEL = 0;
				GCC_PREPROCESSOR_DEFINITIONS = (
					"DEBUG=1",
					"$(inherited)",
				);
				GCC_SYMBOLS_PRIVATE_EXTERN = NO;
				GCC_WARN_64_TO_32_BIT_CONVERSION = YES;
				GCC_WARN_ABOUT_RETURN_TYPE = YES_ERROR;
				GCC_WARN_UNDECLARED_SELECTOR = YES;
				GCC_WARN_UNINITIALIZED_AUTOS = YES_AGGRESSIVE;
				GCC_WARN_UNUSED_FUNCTION = YES;
				GCC_WARN_UNUSED_VARIABLE = YES;
				IPHONEOS_DEPLOYMENT_TARGET = 8.1;
				MTL_ENABLE_DEBUG_INFO = YES;
				ONLY_ACTIVE_ARCH = YES;
				SDKROOT = iphoneos;
				SWIFT_OPTIMIZATION_LEVEL = "-Onone";
				TARGETED_DEVICE_FAMILY = 2;
			};
			name = Debug;
		};
		75A67EA91A0998E2008594BE /* Release */ = {
			isa = XCBuildConfiguration;
			buildSettings = {
				ALWAYS_SEARCH_USER_PATHS = NO;
				CLANG_CXX_LANGUAGE_STANDARD = "gnu++0x";
				CLANG_CXX_LIBRARY = "libc++";
				CLANG_ENABLE_MODULES = YES;
				CLANG_ENABLE_OBJC_ARC = YES;
				CLANG_WARN_BOOL_CONVERSION = YES;
				CLANG_WARN_CONSTANT_CONVERSION = YES;
				CLANG_WARN_DIRECT_OBJC_ISA_USAGE = YES_ERROR;
				CLANG_WARN_EMPTY_BODY = YES;
				CLANG_WARN_ENUM_CONVERSION = YES;
				CLANG_WARN_INT_CONVERSION = YES;
				CLANG_WARN_OBJC_ROOT_CLASS = YES_ERROR;
				CLANG_WARN_UNREACHABLE_CODE = YES;
				CLANG_WARN__DUPLICATE_METHOD_MATCH = YES;
				"CODE_SIGN_IDENTITY[sdk=iphoneos*]" = "iPhone Developer";
				COPY_PHASE_STRIP = YES;
				ENABLE_NS_ASSERTIONS = NO;
				ENABLE_STRICT_OBJC_MSGSEND = YES;
				GCC_C_LANGUAGE_STANDARD = gnu99;
				GCC_WARN_64_TO_32_BIT_CONVERSION = YES;
				GCC_WARN_ABOUT_RETURN_TYPE = YES_ERROR;
				GCC_WARN_UNDECLARED_SELECTOR = YES;
				GCC_WARN_UNINITIALIZED_AUTOS = YES_AGGRESSIVE;
				GCC_WARN_UNUSED_FUNCTION = YES;
				GCC_WARN_UNUSED_VARIABLE = YES;
				IPHONEOS_DEPLOYMENT_TARGET = 8.1;
				MTL_ENABLE_DEBUG_INFO = NO;
				SDKROOT = iphoneos;
				TARGETED_DEVICE_FAMILY = 2;
				VALIDATE_PRODUCT = YES;
			};
			name = Release;
		};
		75A67EAB1A0998E2008594BE /* Debug */ = {
			isa = XCBuildConfiguration;
			buildSettings = {
				ASSETCATALOG_COMPILER_APPICON_NAME = AppIcon;
				INFOPLIST_FILE = animation/Info.plist;
				IPHONEOS_DEPLOYMENT_TARGET = 8.4;
				LD_RUNPATH_SEARCH_PATHS = "$(inherited) @executable_path/Frameworks";
				PRODUCT_NAME = "$(TARGET_NAME)";
			};
			name = Debug;
		};
		75A67EAC1A0998E2008594BE /* Release */ = {
			isa = XCBuildConfiguration;
			buildSettings = {
				ASSETCATALOG_COMPILER_APPICON_NAME = AppIcon;
				INFOPLIST_FILE = animation/Info.plist;
				IPHONEOS_DEPLOYMENT_TARGET = 8.4;
				LD_RUNPATH_SEARCH_PATHS = "$(inherited) @executable_path/Frameworks";
				PRODUCT_NAME = "$(TARGET_NAME)";
			};
			name = Release;
		};
		75A67EAE1A0998E2008594BE /* Debug */ = {
			isa = XCBuildConfiguration;
			buildSettings = {
				BUNDLE_LOADER = "$(TEST_HOST)";
				FRAMEWORK_SEARCH_PATHS = (
					"$(SDKROOT)/Developer/Library/Frameworks",
					"$(inherited)",
				);
				GCC_PREPROCESSOR_DEFINITIONS = (
					"DEBUG=1",
					"$(inherited)",
				);
				INFOPLIST_FILE = animationTests/Info.plist;
				LD_RUNPATH_SEARCH_PATHS = "$(inherited) @executable_path/Frameworks @loader_path/Frameworks";
				PRODUCT_NAME = "$(TARGET_NAME)";
				TEST_HOST = "$(BUILT_PRODUCTS_DIR)/animation.app/animation";
			};
			name = Debug;
		};
		75A67EAF1A0998E2008594BE /* Release */ = {
			isa = XCBuildConfiguration;
			buildSettings = {
				BUNDLE_LOADER = "$(TEST_HOST)";
				FRAMEWORK_SEARCH_PATHS = (
					"$(SDKROOT)/Developer/Library/Frameworks",
					"$(inherited)",
				);
				INFOPLIST_FILE = animationTests/Info.plist;
				LD_RUNPATH_SEARCH_PATHS = "$(inherited) @executable_path/Frameworks @loader_path/Frameworks";
				PRODUCT_NAME = "$(TARGET_NAME)";
				TEST_HOST = "$(BUILT_PRODUCTS_DIR)/animation.app/animation";
			};
			name = Release;
		};
/* End XCBuildConfiguration section */

/* Begin XCConfigurationList section */
		75A67E861A0998E1008594BE /* Build configuration list for PBXProject "animation" */ = {
			isa = XCConfigurationList;
			buildConfigurations = (
				75A67EA81A0998E2008594BE /* Debug */,
				75A67EA91A0998E2008594BE /* Release */,
			);
			defaultConfigurationIsVisible = 0;
			defaultConfigurationName = Release;
		};
		75A67EAA1A0998E2008594BE /* Build configuration list for PBXNativeTarget "animation" */ = {
			isa = XCConfigurationList;
			buildConfigurations = (
				75A67EAB1A0998E2008594BE /* Debug */,
				75A67EAC1A0998E2008594BE /* Release */,
			);
			defaultConfigurationIsVisible = 0;
			defaultConfigurationName = Release;
		};
		75A67EAD1A0998E2008594BE /* Build configuration list for PBXNativeTarget "animationTests" */ = {
			isa = XCConfigurationList;
			buildConfigurations = (
				75A67EAE1A0998E2008594BE /* Debug */,
				75A67EAF1A0998E2008594BE /* Release */,
			);
			defaultConfigurationIsVisible = 0;
			defaultConfigurationName = Release;
		};
/* End XCConfigurationList section */
	};
	rootObject = 75A67E831A0998E1008594BE /* Project object */;
}
