// !$*UTF8*$!
{
	archiveVersion = 1;
	classes = {
	};
	objectVersion = 46;
	objects = {

/* Begin PBXBuildFile section */
		75D26E251B87C2CE0077E98B /* AppDelegate.swift in Sources */ = {isa = PBXBuildFile; fileRef = 75D26E241B87C2CE0077E98B /* AppDelegate.swift */; };
		75D26E271B87C2CE0077E98B /* ViewController.swift in Sources */ = {isa = PBXBuildFile; fileRef = 75D26E261B87C2CE0077E98B /* ViewController.swift */; };
		75D26E2A1B87C2CE0077E98B /* Main.storyboard in Resources */ = {isa = PBXBuildFile; fileRef = 75D26E281B87C2CE0077E98B /* Main.storyboard */; };
		75D26E2C1B87C2CE0077E98B /* Images.xcassets in Resources */ = {isa = PBXBuildFile; fileRef = 75D26E2B1B87C2CE0077E98B /* Images.xcassets */; };
		75D26E2F1B87C2CE0077E98B /* LaunchScreen.xib in Resources */ = {isa = PBXBuildFile; fileRef = 75D26E2D1B87C2CE0077E98B /* LaunchScreen.xib */; };
		75D26E3B1B87C2CE0077E98B /* helloworldTests.swift in Sources */ = {isa = PBXBuildFile; fileRef = 75D26E3A1B87C2CE0077E98B /* helloworldTests.swift */; };
/* End PBXBuildFile section */

/* Begin PBXContainerItemProxy section */
		75D26E351B87C2CE0077E98B /* PBXContainerItemProxy */ = {
			isa = PBXContainerItemProxy;
			containerPortal = 75D26E171B87C2CE0077E98B /* Project object */;
			proxyType = 1;
			remoteGlobalIDString = 75D26E1E1B87C2CE0077E98B;
			remoteInfo = helloworld;
		};
/* End PBXContainerItemProxy section */

/* Begin PBXFileReference section */
		75D26E1F1B87C2CE0077E98B /* helloworld.app */ = {isa = PBXFileReference; explicitFileType = wrapper.application; includeInIndex = 0; path = helloworld.app; sourceTree = BUILT_PRODUCTS_DIR; };
		75D26E231B87C2CE0077E98B /* Info.plist */ = {isa = PBXFileReference; lastKnownFileType = text.plist.xml; path = Info.plist; sourceTree = "<group>"; };
		75D26E241B87C2CE0077E98B /* AppDelegate.swift */ = {isa = PBXFileReference; lastKnownFileType = sourcecode.swift; path = AppDelegate.swift; sourceTree = "<group>"; };
		75D26E261B87C2CE0077E98B /* ViewController.swift */ = {isa = PBXFileReference; lastKnownFileType = sourcecode.swift; path = ViewController.swift; sourceTree = "<group>"; };
		75D26E291B87C2CE0077E98B /* Base */ = {isa = PBXFileReference; lastKnownFileType = file.storyboard; name = Base; path = Base.lproj/Main.storyboard; sourceTree = "<group>"; };
		75D26E2B1B87C2CE0077E98B /* Images.xcassets */ = {isa = PBXFileReference; lastKnownFileType = folder.assetcatalog; path = Images.xcassets; sourceTree = "<group>"; };
		75D26E2E1B87C2CE0077E98B /* Base */ = {isa = PBXFileReference; lastKnownFileType = file.xib; name = Base; path = Base.lproj/LaunchScreen.xib; sourceTree = "<group>"; };
		75D26E341B87C2CE0077E98B /* helloworldTests.xctest */ = {isa = PBXFileReference; explicitFileType = wrapper.cfbundle; includeInIndex = 0; path = helloworldTests.xctest; sourceTree = BUILT_PRODUCTS_DIR; };
		75D26E391B87C2CE0077E98B /* Info.plist */ = {isa = PBXFileReference; lastKnownFileType = text.plist.xml; path = Info.plist; sourceTree = "<group>"; };
		75D26E3A1B87C2CE0077E98B /* helloworldTests.swift */ = {isa = PBXFileReference; lastKnownFileType = sourcecode.swift; path = helloworldTests.swift; sourceTree = "<group>"; };
/* End PBXFileReference section */

/* Begin PBXFrameworksBuildPhase section */
		75D26E1C1B87C2CE0077E98B /* Frameworks */ = {
			isa = PBXFrameworksBuildPhase;
			buildActionMask = 2147483647;
			files = (
			);
			runOnlyForDeploymentPostprocessing = 0;
		};
		75D26E311B87C2CE0077E98B /* Frameworks */ = {
			isa = PBXFrameworksBuildPhase;
			buildActionMask = 2147483647;
			files = (
			);
			runOnlyForDeploymentPostprocessing = 0;
		};
/* End PBXFrameworksBuildPhase section */

/* Begin PBXGroup section */
		75D26E161B87C2CE0077E98B = {
			isa = PBXGroup;
			children = (
				75D26E211B87C2CE0077E98B /* helloworld */,
				75D26E371B87C2CE0077E98B /* helloworldTests */,
				75D26E201B87C2CE0077E98B /* Products */,
			);
			sourceTree = "<group>";
		};
		75D26E201B87C2CE0077E98B /* Products */ = {
			isa = PBXGroup;
			children = (
				75D26E1F1B87C2CE0077E98B /* helloworld.app */,
				75D26E341B87C2CE0077E98B /* helloworldTests.xctest */,
			);
			name = Products;
			sourceTree = "<group>";
		};
		75D26E211B87C2CE0077E98B /* helloworld */ = {
			isa = PBXGroup;
			children = (
				75D26E241B87C2CE0077E98B /* AppDelegate.swift */,
				75D26E261B87C2CE0077E98B /* ViewController.swift */,
				75D26E281B87C2CE0077E98B /* Main.storyboard */,
				75D26E2B1B87C2CE0077E98B /* Images.xcassets */,
				75D26E2D1B87C2CE0077E98B /* LaunchScreen.xib */,
				75D26E221B87C2CE0077E98B /* Supporting Files */,
			);
			path = helloworld;
			sourceTree = "<group>";
		};
		75D26E221B87C2CE0077E98B /* Supporting Files */ = {
			isa = PBXGroup;
			children = (
				75D26E231B87C2CE0077E98B /* Info.plist */,
			);
			name = "Supporting Files";
			sourceTree = "<group>";
		};
		75D26E371B87C2CE0077E98B /* helloworldTests */ = {
			isa = PBXGroup;
			children = (
				75D26E3A1B87C2CE0077E98B /* helloworldTests.swift */,
				75D26E381B87C2CE0077E98B /* Supporting Files */,
			);
			path = helloworldTests;
			sourceTree = "<group>";
		};
		75D26E381B87C2CE0077E98B /* Supporting Files */ = {
			isa = PBXGroup;
			children = (
				75D26E391B87C2CE0077E98B /* Info.plist */,
			);
			name = "Supporting Files";
			sourceTree = "<group>";
		};
/* End PBXGroup section */

/* Begin PBXNativeTarget section */
		75D26E1E1B87C2CE0077E98B /* helloworld */ = {
			isa = PBXNativeTarget;
			buildConfigurationList = 75D26E3E1B87C2CE0077E98B /* Build configuration list for PBXNativeTarget "helloworld" */;
			buildPhases = (
				75D26E1B1B87C2CE0077E98B /* Sources */,
				75D26E1C1B87C2CE0077E98B /* Frameworks */,
				75D26E1D1B87C2CE0077E98B /* Resources */,
			);
			buildRules = (
			);
			dependencies = (
			);
			name = helloworld;
			productName = helloworld;
			productReference = 75D26E1F1B87C2CE0077E98B /* helloworld.app */;
			productType = "com.apple.product-type.application";
		};
		75D26E331B87C2CE0077E98B /* helloworldTests */ = {
			isa = PBXNativeTarget;
			buildConfigurationList = 75D26E411B87C2CE0077E98B /* Build configuration list for PBXNativeTarget "helloworldTests" */;
			buildPhases = (
				75D26E301B87C2CE0077E98B /* Sources */,
				75D26E311B87C2CE0077E98B /* Frameworks */,
				75D26E321B87C2CE0077E98B /* Resources */,
			);
			buildRules = (
			);
			dependencies = (
				75D26E361B87C2CE0077E98B /* PBXTargetDependency */,
			);
			name = helloworldTests;
			productName = helloworldTests;
			productReference = 75D26E341B87C2CE0077E98B /* helloworldTests.xctest */;
			productType = "com.apple.product-type.bundle.unit-test";
		};
/* End PBXNativeTarget section */

/* Begin PBXProject section */
		75D26E171B87C2CE0077E98B /* Project object */ = {
			isa = PBXProject;
			attributes = {
				LastUpgradeCheck = 0640;
				ORGANIZATIONNAME = "Aileen Pierce";
				TargetAttributes = {
					75D26E1E1B87C2CE0077E98B = {
						CreatedOnToolsVersion = 6.4;
					};
					75D26E331B87C2CE0077E98B = {
						CreatedOnToolsVersion = 6.4;
						TestTargetID = 75D26E1E1B87C2CE0077E98B;
					};
				};
			};
			buildConfigurationList = 75D26E1A1B87C2CE0077E98B /* Build configuration list for PBXProject "helloworld" */;
			compatibilityVersion = "Xcode 3.2";
			developmentRegion = English;
			hasScannedForEncodings = 0;
			knownRegions = (
				en,
				Base,
			);
			mainGroup = 75D26E161B87C2CE0077E98B;
			productRefGroup = 75D26E201B87C2CE0077E98B /* Products */;
			projectDirPath = "";
			projectRoot = "";
			targets = (
				75D26E1E1B87C2CE0077E98B /* helloworld */,
				75D26E331B87C2CE0077E98B /* helloworldTests */,
			);
		};
/* End PBXProject section */

/* Begin PBXResourcesBuildPhase section */
		75D26E1D1B87C2CE0077E98B /* Resources */ = {
			isa = PBXResourcesBuildPhase;
			buildActionMask = 2147483647;
			files = (
				75D26E2A1B87C2CE0077E98B /* Main.storyboard in Resources */,
				75D26E2F1B87C2CE0077E98B /* LaunchScreen.xib in Resources */,
				75D26E2C1B87C2CE0077E98B /* Images.xcassets in Resources */,
			);
			runOnlyForDeploymentPostprocessing = 0;
		};
		75D26E321B87C2CE0077E98B /* Resources */ = {
			isa = PBXResourcesBuildPhase;
			buildActionMask = 2147483647;
			files = (
			);
			runOnlyForDeploymentPostprocessing = 0;
		};
/* End PBXResourcesBuildPhase section */

/* Begin PBXSourcesBuildPhase section */
		75D26E1B1B87C2CE0077E98B /* Sources */ = {
			isa = PBXSourcesBuildPhase;
			buildActionMask = 2147483647;
			files = (
				75D26E271B87C2CE0077E98B /* ViewController.swift in Sources */,
				75D26E251B87C2CE0077E98B /* AppDelegate.swift in Sources */,
			);
			runOnlyForDeploymentPostprocessing = 0;
		};
		75D26E301B87C2CE0077E98B /* Sources */ = {
			isa = PBXSourcesBuildPhase;
			buildActionMask = 2147483647;
			files = (
				75D26E3B1B87C2CE0077E98B /* helloworldTests.swift in Sources */,
			);
			runOnlyForDeploymentPostprocessing = 0;
		};
/* End PBXSourcesBuildPhase section */

/* Begin PBXTargetDependency section */
		75D26E361B87C2CE0077E98B /* PBXTargetDependency */ = {
			isa = PBXTargetDependency;
			target = 75D26E1E1B87C2CE0077E98B /* helloworld */;
			targetProxy = 75D26E351B87C2CE0077E98B /* PBXContainerItemProxy */;
		};
/* End PBXTargetDependency section */

/* Begin PBXVariantGroup section */
		75D26E281B87C2CE0077E98B /* Main.storyboard */ = {
			isa = PBXVariantGroup;
			children = (
				75D26E291B87C2CE0077E98B /* Base */,
			);
			name = Main.storyboard;
			sourceTree = "<group>";
		};
		75D26E2D1B87C2CE0077E98B /* LaunchScreen.xib */ = {
			isa = PBXVariantGroup;
			children = (
				75D26E2E1B87C2CE0077E98B /* Base */,
			);
			name = LaunchScreen.xib;
			sourceTree = "<group>";
		};
/* End PBXVariantGroup section */

/* Begin XCBuildConfiguration section */
		75D26E3C1B87C2CE0077E98B /* Debug */ = {
			isa = XCBuildConfiguration;
			buildSettings = {
				ALWAYS_SEARCH_USER_PATHS = NO;
				CLANG_CXX_LANGUAGE_STANDARD = "gnu++0x";
				CLANG_CXX_LIBRARY = "libc++";
				CLANG_ENABLE_MODULES = YES;
				CLANG_ENABLE_OBJC_ARC = YES;
				CLANG_WARN_BOOL_CONVERSION = YES;
				CLANG_WARN_CONSTANT_CONVERSION = YES;
				CLANG_WARN_DIRECT_OBJC_ISA_USAGE = YES_ERROR;
				CLANG_WARN_EMPTY_BODY = YES;
				CLANG_WARN_ENUM_CONVERSION = YES;
				CLANG_WARN_INT_CONVERSION = YES;
				CLANG_WARN_OBJC_ROOT_CLASS = YES_ERROR;
				CLANG_WARN_UNREACHABLE_CODE = YES;
				CLANG_WARN__DUPLICATE_METHOD_MATCH = YES;
				"CODE_SIGN_IDENTITY[sdk=iphoneos*]" = "iPhone Developer";
				COPY_PHASE_STRIP = NO;
				DEBUG_INFORMATION_FORMAT = "dwarf-with-dsym";
				ENABLE_STRICT_OBJC_MSGSEND = YES;
				GCC_C_LANGUAGE_STANDARD = gnu99;
				GCC_DYNAMIC_NO_PIC = NO;
				GCC_NO_COMMON_BLOCKS = YES;
				GCC_OPTIMIZATION_LEVEL = 0;
				GCC_PREPROCESSOR_DEFINITIONS = (
					"DEBUG=1",
					"$(inherited)",
				);
				GCC_SYMBOLS_PRIVATE_EXTERN = NO;
				GCC_WARN_64_TO_32_BIT_CONVERSION = YES;
				GCC_WARN_ABOUT_RETURN_TYPE = YES_ERROR;
				GCC_WARN_UNDECLARED_SELECTOR = YES;
				GCC_WARN_UNINITIALIZED_AUTOS = YES_AGGRESSIVE;
				GCC_WARN_UNUSED_FUNCTION = YES;
				GCC_WARN_UNUSED_VARIABLE = YES;
				IPHONEOS_DEPLOYMENT_TARGET = 8.4;
				MTL_ENABLE_DEBUG_INFO = YES;
				ONLY_ACTIVE_ARCH = YES;
				SDKROOT = iphoneos;
				SWIFT_OPTIMIZATION_LEVEL = "-Onone";
			};
			name = Debug;
		};
		75D26E3D1B87C2CE0077E98B /* Release */ = {
			isa = XCBuildConfiguration;
			buildSettings = {
				ALWAYS_SEARCH_USER_PATHS = NO;
				CLANG_CXX_LANGUAGE_STANDARD = "gnu++0x";
				CLANG_CXX_LIBRARY = "libc++";
				CLANG_ENABLE_MODULES = YES;
				CLANG_ENABLE_OBJC_ARC = YES;
				CLANG_WARN_BOOL_CONVERSION = YES;
				CLANG_WARN_CONSTANT_CONVERSION = YES;
				CLANG_WARN_DIRECT_OBJC_ISA_USAGE = YES_ERROR;
				CLANG_WARN_EMPTY_BODY = YES;
				CLANG_WARN_ENUM_CONVERSION = YES;
				CLANG_WARN_INT_CONVERSION = YES;
				CLANG_WARN_OBJC_ROOT_CLASS = YES_ERROR;
				CLANG_WARN_UNREACHABLE_CODE = YES;
				CLANG_WARN__DUPLICATE_METHOD_MATCH = YES;
				"CODE_SIGN_IDENTITY[sdk=iphoneos*]" = "iPhone Developer";
				COPY_PHASE_STRIP = NO;
				DEBUG_INFORMATION_FORMAT = "dwarf-with-dsym";
				ENABLE_NS_ASSERTIONS = NO;
				ENABLE_STRICT_OBJC_MSGSEND = YES;
				GCC_C_LANGUAGE_STANDARD = gnu99;
				GCC_NO_COMMON_BLOCKS = YES;
				GCC_WARN_64_TO_32_BIT_CONVERSION = YES;
				GCC_WARN_ABOUT_RETURN_TYPE = YES_ERROR;
				GCC_WARN_UNDECLARED_SELECTOR = YES;
				GCC_WARN_UNINITIALIZED_AUTOS = YES_AGGRESSIVE;
				GCC_WARN_UNUSED_FUNCTION = YES;
				GCC_WARN_UNUSED_VARIABLE = YES;
				IPHONEOS_DEPLOYMENT_TARGET = 8.4;
				MTL_ENABLE_DEBUG_INFO = NO;
				SDKROOT = iphoneos;
				VALIDATE_PRODUCT = YES;
			};
			name = Release;
		};
		75D26E3F1B87C2CE0077E98B /* Debug */ = {
			isa = XCBuildConfiguration;
			buildSettings = {
				ASSETCATALOG_COMPILER_APPICON_NAME = AppIcon;
				INFOPLIST_FILE = helloworld/Info.plist;
				LD_RUNPATH_SEARCH_PATHS = "$(inherited) @executable_path/Frameworks";
				PRODUCT_NAME = "$(TARGET_NAME)";
			};
			name = Debug;
		};
		75D26E401B87C2CE0077E98B /* Release */ = {
			isa = XCBuildConfiguration;
			buildSettings = {
				ASSETCATALOG_COMPILER_APPICON_NAME = AppIcon;
				INFOPLIST_FILE = helloworld/Info.plist;
				LD_RUNPATH_SEARCH_PATHS = "$(inherited) @executable_path/Frameworks";
				PRODUCT_NAME = "$(TARGET_NAME)";
			};
			name = Release;
		};
		75D26E421B87C2CE0077E98B /* Debug */ = {
			isa = XCBuildConfiguration;
			buildSettings = {
				BUNDLE_LOADER = "$(TEST_HOST)";
				FRAMEWORK_SEARCH_PATHS = (
					"$(SDKROOT)/Developer/Library/Frameworks",
					"$(inherited)",
				);
				GCC_PREPROCESSOR_DEFINITIONS = (
					"DEBUG=1",
					"$(inherited)",
				);
				INFOPLIST_FILE = helloworldTests/Info.plist;
				LD_RUNPATH_SEARCH_PATHS = "$(inherited) @executable_path/Frameworks @loader_path/Frameworks";
				PRODUCT_NAME = "$(TARGET_NAME)";
				TEST_HOST = "$(BUILT_PRODUCTS_DIR)/helloworld.app/helloworld";
			};
			name = Debug;
		};
		75D26E431B87C2CE0077E98B /* Release */ = {
			isa = XCBuildConfiguration;
			buildSettings = {
				BUNDLE_LOADER = "$(TEST_HOST)";
				FRAMEWORK_SEARCH_PATHS = (
					"$(SDKROOT)/Developer/Library/Frameworks",
					"$(inherited)",
				);
				INFOPLIST_FILE = helloworldTests/Info.plist;
				LD_RUNPATH_SEARCH_PATHS = "$(inherited) @executable_path/Frameworks @loader_path/Frameworks";
				PRODUCT_NAME = "$(TARGET_NAME)";
				TEST_HOST = "$(BUILT_PRODUCTS_DIR)/helloworld.app/helloworld";
			};
			name = Release;
		};
/* End XCBuildConfiguration section */

/* Begin XCConfigurationList section */
		75D26E1A1B87C2CE0077E98B /* Build configuration list for PBXProject "helloworld" */ = {
			isa = XCConfigurationList;
			buildConfigurations = (
				75D26E3C1B87C2CE0077E98B /* Debug */,
				75D26E3D1B87C2CE0077E98B /* Release */,
			);
			defaultConfigurationIsVisible = 0;
			defaultConfigurationName = Release;
		};
		75D26E3E1B87C2CE0077E98B /* Build configuration list for PBXNativeTarget "helloworld" */ = {
			isa = XCConfigurationList;
			buildConfigurations = (
				75D26E3F1B87C2CE0077E98B /* Debug */,
				75D26E401B87C2CE0077E98B /* Release */,
			);
			defaultConfigurationIsVisible = 0;
		};
		75D26E411B87C2CE0077E98B /* Build configuration list for PBXNativeTarget "helloworldTests" */ = {
			isa = XCConfigurationList;
			buildConfigurations = (
				75D26E421B87C2CE0077E98B /* Debug */,
				75D26E431B87C2CE0077E98B /* Release */,
			);
			defaultConfigurationIsVisible = 0;
		};
/* End XCConfigurationList section */
	};
	rootObject = 75D26E171B87C2CE0077E98B /* Project object */;
}
