// !$*UTF8*$!
{
	archiveVersion = 1;
	classes = {
	};
	objectVersion = 46;
	objects = {

/* Begin PBXBuildFile section */
		75A76A541B95105C007E0E76 /* AppDelegate.swift in Sources */ = {isa = PBXBuildFile; fileRef = 75A76A531B95105C007E0E76 /* AppDelegate.swift */; };
		75A76A561B95105C007E0E76 /* ViewController.swift in Sources */ = {isa = PBXBuildFile; fileRef = 75A76A551B95105C007E0E76 /* ViewController.swift */; };
		75A76A591B95105C007E0E76 /* Main.storyboard in Resources */ = {isa = PBXBuildFile; fileRef = 75A76A571B95105C007E0E76 /* Main.storyboard */; };
		75A76A5B1B95105C007E0E76 /* Images.xcassets in Resources */ = {isa = PBXBuildFile; fileRef = 75A76A5A1B95105C007E0E76 /* Images.xcassets */; };
		75A76A5E1B95105C007E0E76 /* LaunchScreen.xib in Resources */ = {isa = PBXBuildFile; fileRef = 75A76A5C1B95105C007E0E76 /* LaunchScreen.xib */; };
		75A76A6A1B95105C007E0E76 /* daVinciTests.swift in Sources */ = {isa = PBXBuildFile; fileRef = 75A76A691B95105C007E0E76 /* daVinciTests.swift */; };
/* End PBXBuildFile section */

/* Begin PBXContainerItemProxy section */
		75A76A641B95105C007E0E76 /* PBXContainerItemProxy */ = {
			isa = PBXContainerItemProxy;
			containerPortal = 75A76A461B95105B007E0E76 /* Project object */;
			proxyType = 1;
			remoteGlobalIDString = 75A76A4D1B95105B007E0E76;
			remoteInfo = daVinci;
		};
/* End PBXContainerItemProxy section */

/* Begin PBXFileReference section */
		75A76A4E1B95105B007E0E76 /* daVinci.app */ = {isa = PBXFileReference; explicitFileType = wrapper.application; includeInIndex = 0; path = daVinci.app; sourceTree = BUILT_PRODUCTS_DIR; };
		75A76A521B95105B007E0E76 /* Info.plist */ = {isa = PBXFileReference; lastKnownFileType = text.plist.xml; path = Info.plist; sourceTree = "<group>"; };
		75A76A531B95105C007E0E76 /* AppDelegate.swift */ = {isa = PBXFileReference; lastKnownFileType = sourcecode.swift; path = AppDelegate.swift; sourceTree = "<group>"; };
		75A76A551B95105C007E0E76 /* ViewController.swift */ = {isa = PBXFileReference; lastKnownFileType = sourcecode.swift; path = ViewController.swift; sourceTree = "<group>"; };
		75A76A581B95105C007E0E76 /* Base */ = {isa = PBXFileReference; lastKnownFileType = file.storyboard; name = Base; path = Base.lproj/Main.storyboard; sourceTree = "<group>"; };
		75A76A5A1B95105C007E0E76 /* Images.xcassets */ = {isa = PBXFileReference; lastKnownFileType = folder.assetcatalog; path = Images.xcassets; sourceTree = "<group>"; };
		75A76A5D1B95105C007E0E76 /* Base */ = {isa = PBXFileReference; lastKnownFileType = file.xib; name = Base; path = Base.lproj/LaunchScreen.xib; sourceTree = "<group>"; };
		75A76A631B95105C007E0E76 /* daVinciTests.xctest */ = {isa = PBXFileReference; explicitFileType = wrapper.cfbundle; includeInIndex = 0; path = daVinciTests.xctest; sourceTree = BUILT_PRODUCTS_DIR; };
		75A76A681B95105C007E0E76 /* Info.plist */ = {isa = PBXFileReference; lastKnownFileType = text.plist.xml; path = Info.plist; sourceTree = "<group>"; };
		75A76A691B95105C007E0E76 /* daVinciTests.swift */ = {isa = PBXFileReference; lastKnownFileType = sourcecode.swift; path = daVinciTests.swift; sourceTree = "<group>"; };
/* End PBXFileReference section */

/* Begin PBXFrameworksBuildPhase section */
		75A76A4B1B95105B007E0E76 /* Frameworks */ = {
			isa = PBXFrameworksBuildPhase;
			buildActionMask = 2147483647;
			files = (
			);
			runOnlyForDeploymentPostprocessing = 0;
		};
		75A76A601B95105C007E0E76 /* Frameworks */ = {
			isa = PBXFrameworksBuildPhase;
			buildActionMask = 2147483647;
			files = (
			);
			runOnlyForDeploymentPostprocessing = 0;
		};
/* End PBXFrameworksBuildPhase section */

/* Begin PBXGroup section */
		75A76A451B95105B007E0E76 = {
			isa = PBXGroup;
			children = (
				75A76A501B95105B007E0E76 /* daVinci */,
				75A76A661B95105C007E0E76 /* daVinciTests */,
				75A76A4F1B95105B007E0E76 /* Products */,
			);
			sourceTree = "<group>";
		};
		75A76A4F1B95105B007E0E76 /* Products */ = {
			isa = PBXGroup;
			children = (
				75A76A4E1B95105B007E0E76 /* daVinci.app */,
				75A76A631B95105C007E0E76 /* daVinciTests.xctest */,
			);
			name = Products;
			sourceTree = "<group>";
		};
		75A76A501B95105B007E0E76 /* daVinci */ = {
			isa = PBXGroup;
			children = (
				75A76A531B95105C007E0E76 /* AppDelegate.swift */,
				75A76A551B95105C007E0E76 /* ViewController.swift */,
				75A76A571B95105C007E0E76 /* Main.storyboard */,
				75A76A5A1B95105C007E0E76 /* Images.xcassets */,
				75A76A5C1B95105C007E0E76 /* LaunchScreen.xib */,
				75A76A511B95105B007E0E76 /* Supporting Files */,
			);
			path = daVinci;
			sourceTree = "<group>";
		};
		75A76A511B95105B007E0E76 /* Supporting Files */ = {
			isa = PBXGroup;
			children = (
				75A76A521B95105B007E0E76 /* Info.plist */,
			);
			name = "Supporting Files";
			sourceTree = "<group>";
		};
		75A76A661B95105C007E0E76 /* daVinciTests */ = {
			isa = PBXGroup;
			children = (
				75A76A691B95105C007E0E76 /* daVinciTests.swift */,
				75A76A671B95105C007E0E76 /* Supporting Files */,
			);
			path = daVinciTests;
			sourceTree = "<group>";
		};
		75A76A671B95105C007E0E76 /* Supporting Files */ = {
			isa = PBXGroup;
			children = (
				75A76A681B95105C007E0E76 /* Info.plist */,
			);
			name = "Supporting Files";
			sourceTree = "<group>";
		};
/* End PBXGroup section */

/* Begin PBXNativeTarget section */
		75A76A4D1B95105B007E0E76 /* daVinci */ = {
			isa = PBXNativeTarget;
			buildConfigurationList = 75A76A6D1B95105C007E0E76 /* Build configuration list for PBXNativeTarget "daVinci" */;
			buildPhases = (
				75A76A4A1B95105B007E0E76 /* Sources */,
				75A76A4B1B95105B007E0E76 /* Frameworks */,
				75A76A4C1B95105B007E0E76 /* Resources */,
			);
			buildRules = (
			);
			dependencies = (
			);
			name = daVinci;
			productName = daVinci;
			productReference = 75A76A4E1B95105B007E0E76 /* daVinci.app */;
			productType = "com.apple.product-type.application";
		};
		75A76A621B95105C007E0E76 /* daVinciTests */ = {
			isa = PBXNativeTarget;
			buildConfigurationList = 75A76A701B95105C007E0E76 /* Build configuration list for PBXNativeTarget "daVinciTests" */;
			buildPhases = (
				75A76A5F1B95105C007E0E76 /* Sources */,
				75A76A601B95105C007E0E76 /* Frameworks */,
				75A76A611B95105C007E0E76 /* Resources */,
			);
			buildRules = (
			);
			dependencies = (
				75A76A651B95105C007E0E76 /* PBXTargetDependency */,
			);
			name = daVinciTests;
			productName = daVinciTests;
			productReference = 75A76A631B95105C007E0E76 /* daVinciTests.xctest */;
			productType = "com.apple.product-type.bundle.unit-test";
		};
/* End PBXNativeTarget section */

/* Begin PBXProject section */
		75A76A461B95105B007E0E76 /* Project object */ = {
			isa = PBXProject;
			attributes = {
				LastUpgradeCheck = 0640;
				ORGANIZATIONNAME = "Aileen Pierce";
				TargetAttributes = {
					75A76A4D1B95105B007E0E76 = {
						CreatedOnToolsVersion = 6.4;
					};
					75A76A621B95105C007E0E76 = {
						CreatedOnToolsVersion = 6.4;
						TestTargetID = 75A76A4D1B95105B007E0E76;
					};
				};
			};
			buildConfigurationList = 75A76A491B95105B007E0E76 /* Build configuration list for PBXProject "daVinci" */;
			compatibilityVersion = "Xcode 3.2";
			developmentRegion = English;
			hasScannedForEncodings = 0;
			knownRegions = (
				en,
				Base,
			);
			mainGroup = 75A76A451B95105B007E0E76;
			productRefGroup = 75A76A4F1B95105B007E0E76 /* Products */;
			projectDirPath = "";
			projectRoot = "";
			targets = (
				75A76A4D1B95105B007E0E76 /* daVinci */,
				75A76A621B95105C007E0E76 /* daVinciTests */,
			);
		};
/* End PBXProject section */

/* Begin PBXResourcesBuildPhase section */
		75A76A4C1B95105B007E0E76 /* Resources */ = {
			isa = PBXResourcesBuildPhase;
			buildActionMask = 2147483647;
			files = (
				75A76A591B95105C007E0E76 /* Main.storyboard in Resources */,
				75A76A5E1B95105C007E0E76 /* LaunchScreen.xib in Resources */,
				75A76A5B1B95105C007E0E76 /* Images.xcassets in Resources */,
			);
			runOnlyForDeploymentPostprocessing = 0;
		};
		75A76A611B95105C007E0E76 /* Resources */ = {
			isa = PBXResourcesBuildPhase;
			buildActionMask = 2147483647;
			files = (
			);
			runOnlyForDeploymentPostprocessing = 0;
		};
/* End PBXResourcesBuildPhase section */

/* Begin PBXSourcesBuildPhase section */
		75A76A4A1B95105B007E0E76 /* Sources */ = {
			isa = PBXSourcesBuildPhase;
			buildActionMask = 2147483647;
			files = (
				75A76A561B95105C007E0E76 /* ViewController.swift in Sources */,
				75A76A541B95105C007E0E76 /* AppDelegate.swift in Sources */,
			);
			runOnlyForDeploymentPostprocessing = 0;
		};
		75A76A5F1B95105C007E0E76 /* Sources */ = {
			isa = PBXSourcesBuildPhase;
			buildActionMask = 2147483647;
			files = (
				75A76A6A1B95105C007E0E76 /* daVinciTests.swift in Sources */,
			);
			runOnlyForDeploymentPostprocessing = 0;
		};
/* End PBXSourcesBuildPhase section */

/* Begin PBXTargetDependency section */
		75A76A651B95105C007E0E76 /* PBXTargetDependency */ = {
			isa = PBXTargetDependency;
			target = 75A76A4D1B95105B007E0E76 /* daVinci */;
			targetProxy = 75A76A641B95105C007E0E76 /* PBXContainerItemProxy */;
		};
/* End PBXTargetDependency section */

/* Begin PBXVariantGroup section */
		75A76A571B95105C007E0E76 /* Main.storyboard */ = {
			isa = PBXVariantGroup;
			children = (
				75A76A581B95105C007E0E76 /* Base */,
			);
			name = Main.storyboard;
			sourceTree = "<group>";
		};
		75A76A5C1B95105C007E0E76 /* LaunchScreen.xib */ = {
			isa = PBXVariantGroup;
			children = (
				75A76A5D1B95105C007E0E76 /* Base */,
			);
			name = LaunchScreen.xib;
			sourceTree = "<group>";
		};
/* End PBXVariantGroup section */

/* Begin XCBuildConfiguration section */
		75A76A6B1B95105C007E0E76 /* Debug */ = {
			isa = XCBuildConfiguration;
			buildSettings = {
				ALWAYS_SEARCH_USER_PATHS = NO;
				CLANG_CXX_LANGUAGE_STANDARD = "gnu++0x";
				CLANG_CXX_LIBRARY = "libc++";
				CLANG_ENABLE_MODULES = YES;
				CLANG_ENABLE_OBJC_ARC = YES;
				CLANG_WARN_BOOL_CONVERSION = YES;
				CLANG_WARN_CONSTANT_CONVERSION = YES;
				CLANG_WARN_DIRECT_OBJC_ISA_USAGE = YES_ERROR;
				CLANG_WARN_EMPTY_BODY = YES;
				CLANG_WARN_ENUM_CONVERSION = YES;
				CLANG_WARN_INT_CONVERSION = YES;
				CLANG_WARN_OBJC_ROOT_CLASS = YES_ERROR;
				CLANG_WARN_UNREACHABLE_CODE = YES;
				CLANG_WARN__DUPLICATE_METHOD_MATCH = YES;
				"CODE_SIGN_IDENTITY[sdk=iphoneos*]" = "iPhone Developer";
				COPY_PHASE_STRIP = NO;
				DEBUG_INFORMATION_FORMAT = "dwarf-with-dsym";
				ENABLE_STRICT_OBJC_MSGSEND = YES;
				GCC_C_LANGUAGE_STANDARD = gnu99;
				GCC_DYNAMIC_NO_PIC = NO;
				GCC_NO_COMMON_BLOCKS = YES;
				GCC_OPTIMIZATION_LEVEL = 0;
				GCC_PREPROCESSOR_DEFINITIONS = (
					"DEBUG=1",
					"$(inherited)",
				);
				GCC_SYMBOLS_PRIVATE_EXTERN = NO;
				GCC_WARN_64_TO_32_BIT_CONVERSION = YES;
				GCC_WARN_ABOUT_RETURN_TYPE = YES_ERROR;
				GCC_WARN_UNDECLARED_SELECTOR = YES;
				GCC_WARN_UNINITIALIZED_AUTOS = YES_AGGRESSIVE;
				GCC_WARN_UNUSED_FUNCTION = YES;
				GCC_WARN_UNUSED_VARIABLE = YES;
				IPHONEOS_DEPLOYMENT_TARGET = 8.4;
				MTL_ENABLE_DEBUG_INFO = YES;
				ONLY_ACTIVE_ARCH = YES;
				SDKROOT = iphoneos;
				SWIFT_OPTIMIZATION_LEVEL = "-Onone";
			};
			name = Debug;
		};
		75A76A6C1B95105C007E0E76 /* Release */ = {
			isa = XCBuildConfiguration;
			buildSettings = {
				ALWAYS_SEARCH_USER_PATHS = NO;
				CLANG_CXX_LANGUAGE_STANDARD = "gnu++0x";
				CLANG_CXX_LIBRARY = "libc++";
				CLANG_ENABLE_MODULES = YES;
				CLANG_ENABLE_OBJC_ARC = YES;
				CLANG_WARN_BOOL_CONVERSION = YES;
				CLANG_WARN_CONSTANT_CONVERSION = YES;
				CLANG_WARN_DIRECT_OBJC_ISA_USAGE = YES_ERROR;
				CLANG_WARN_EMPTY_BODY = YES;
				CLANG_WARN_ENUM_CONVERSION = YES;
				CLANG_WARN_INT_CONVERSION = YES;
				CLANG_WARN_OBJC_ROOT_CLASS = YES_ERROR;
				CLANG_WARN_UNREACHABLE_CODE = YES;
				CLANG_WARN__DUPLICATE_METHOD_MATCH = YES;
				"CODE_SIGN_IDENTITY[sdk=iphoneos*]" = "iPhone Developer";
				COPY_PHASE_STRIP = NO;
				DEBUG_INFORMATION_FORMAT = "dwarf-with-dsym";
				ENABLE_NS_ASSERTIONS = NO;
				ENABLE_STRICT_OBJC_MSGSEND = YES;
				GCC_C_LANGUAGE_STANDARD = gnu99;
				GCC_NO_COMMON_BLOCKS = YES;
				GCC_WARN_64_TO_32_BIT_CONVERSION = YES;
				GCC_WARN_ABOUT_RETURN_TYPE = YES_ERROR;
				GCC_WARN_UNDECLARED_SELECTOR = YES;
				GCC_WARN_UNINITIALIZED_AUTOS = YES_AGGRESSIVE;
				GCC_WARN_UNUSED_FUNCTION = YES;
				GCC_WARN_UNUSED_VARIABLE = YES;
				IPHONEOS_DEPLOYMENT_TARGET = 8.4;
				MTL_ENABLE_DEBUG_INFO = NO;
				SDKROOT = iphoneos;
				VALIDATE_PRODUCT = YES;
			};
			name = Release;
		};
		75A76A6E1B95105C007E0E76 /* Debug */ = {
			isa = XCBuildConfiguration;
			buildSettings = {
				ASSETCATALOG_COMPILER_APPICON_NAME = AppIcon;
				INFOPLIST_FILE = daVinci/Info.plist;
				LD_RUNPATH_SEARCH_PATHS = "$(inherited) @executable_path/Frameworks";
				PRODUCT_NAME = "$(TARGET_NAME)";
			};
			name = Debug;
		};
		75A76A6F1B95105C007E0E76 /* Release */ = {
			isa = XCBuildConfiguration;
			buildSettings = {
				ASSETCATALOG_COMPILER_APPICON_NAME = AppIcon;
				INFOPLIST_FILE = daVinci/Info.plist;
				LD_RUNPATH_SEARCH_PATHS = "$(inherited) @executable_path/Frameworks";
				PRODUCT_NAME = "$(TARGET_NAME)";
			};
			name = Release;
		};
		75A76A711B95105C007E0E76 /* Debug */ = {
			isa = XCBuildConfiguration;
			buildSettings = {
				BUNDLE_LOADER = "$(TEST_HOST)";
				FRAMEWORK_SEARCH_PATHS = (
					"$(SDKROOT)/Developer/Library/Frameworks",
					"$(inherited)",
				);
				GCC_PREPROCESSOR_DEFINITIONS = (
					"DEBUG=1",
					"$(inherited)",
				);
				INFOPLIST_FILE = daVinciTests/Info.plist;
				LD_RUNPATH_SEARCH_PATHS = "$(inherited) @executable_path/Frameworks @loader_path/Frameworks";
				PRODUCT_NAME = "$(TARGET_NAME)";
				TEST_HOST = "$(BUILT_PRODUCTS_DIR)/daVinci.app/daVinci";
			};
			name = Debug;
		};
		75A76A721B95105C007E0E76 /* Release */ = {
			isa = XCBuildConfiguration;
			buildSettings = {
				BUNDLE_LOADER = "$(TEST_HOST)";
				FRAMEWORK_SEARCH_PATHS = (
					"$(SDKROOT)/Developer/Library/Frameworks",
					"$(inherited)",
				);
				INFOPLIST_FILE = daVinciTests/Info.plist;
				LD_RUNPATH_SEARCH_PATHS = "$(inherited) @executable_path/Frameworks @loader_path/Frameworks";
				PRODUCT_NAME = "$(TARGET_NAME)";
				TEST_HOST = "$(BUILT_PRODUCTS_DIR)/daVinci.app/daVinci";
			};
			name = Release;
		};
/* End XCBuildConfiguration section */

/* Begin XCConfigurationList section */
		75A76A491B95105B007E0E76 /* Build configuration list for PBXProject "daVinci" */ = {
			isa = XCConfigurationList;
			buildConfigurations = (
				75A76A6B1B95105C007E0E76 /* Debug */,
				75A76A6C1B95105C007E0E76 /* Release */,
			);
			defaultConfigurationIsVisible = 0;
			defaultConfigurationName = Release;
		};
		75A76A6D1B95105C007E0E76 /* Build configuration list for PBXNativeTarget "daVinci" */ = {
			isa = XCConfigurationList;
			buildConfigurations = (
				75A76A6E1B95105C007E0E76 /* Debug */,
				75A76A6F1B95105C007E0E76 /* Release */,
			);
			defaultConfigurationIsVisible = 0;
		};
		75A76A701B95105C007E0E76 /* Build configuration list for PBXNativeTarget "daVinciTests" */ = {
			isa = XCConfigurationList;
			buildConfigurations = (
				75A76A711B95105C007E0E76 /* Debug */,
				75A76A721B95105C007E0E76 /* Release */,
			);
			defaultConfigurationIsVisible = 0;
		};
/* End XCConfigurationList section */
	};
	rootObject = 75A76A461B95105B007E0E76 /* Project object */;
}
